// !$*UTF8*$!
{
	archiveVersion = 1;
	classes = {
	};
	objectVersion = 56;
	objects = {

/* Begin PBXBuildFile section */
		2104DD7729CE5D9A00BD25D8 /* SwiftUIArchitectureApp.swift in Sources */ = {isa = PBXBuildFile; fileRef = 2104DD7629CE5D9A00BD25D8 /* SwiftUIArchitectureApp.swift */; };
		2104DD7B29CE5D9B00BD25D8 /* Assets.xcassets in Resources */ = {isa = PBXBuildFile; fileRef = 2104DD7A29CE5D9B00BD25D8 /* Assets.xcassets */; };
		2104DD7E29CE5D9B00BD25D8 /* Preview Assets.xcassets in Resources */ = {isa = PBXBuildFile; fileRef = 2104DD7D29CE5D9B00BD25D8 /* Preview Assets.xcassets */; };
		2104DD8529CE5DA100BD25D8 /* Env.swift in Sources */ = {isa = PBXBuildFile; fileRef = 2104DD8429CE5DA100BD25D8 /* Env.swift */; };
		2104DD9029D0072700BD25D8 /* StateStruct.swift in Sources */ = {isa = PBXBuildFile; fileRef = 2104DD8F29D0072700BD25D8 /* StateStruct.swift */; };
		2104DD9229D0BB3200BD25D8 /* StateObject.swift in Sources */ = {isa = PBXBuildFile; fileRef = 2104DD9129D0BB3200BD25D8 /* StateObject.swift */; };
		2104DD9B29D0BEB200BD25D8 /* ViewTwo.swift in Sources */ = {isa = PBXBuildFile; fileRef = 2104DD9A29D0BEB200BD25D8 /* ViewTwo.swift */; };
		2104DD9D29D0BEB800BD25D8 /* ViewThree.swift in Sources */ = {isa = PBXBuildFile; fileRef = 2104DD9C29D0BEB800BD25D8 /* ViewThree.swift */; };
		2104DD9F29D0BEBE00BD25D8 /* ViewFour.swift in Sources */ = {isa = PBXBuildFile; fileRef = 2104DD9E29D0BEBE00BD25D8 /* ViewFour.swift */; };
		2104DDA129D0BEC300BD25D8 /* ViewFive.swift in Sources */ = {isa = PBXBuildFile; fileRef = 2104DDA029D0BEC300BD25D8 /* ViewFive.swift */; };
		2104DDA329D0BECD00BD25D8 /* ViewOne.swift in Sources */ = {isa = PBXBuildFile; fileRef = 2104DDA229D0BECD00BD25D8 /* ViewOne.swift */; };
		2104DDA829D1039500BD25D8 /* WrappedEnvObject.swift in Sources */ = {isa = PBXBuildFile; fileRef = 2104DDA729D1039500BD25D8 /* WrappedEnvObject.swift */; };
		2104DDAC29D1E28700BD25D8 /* VanillaEnv-Sim-1-graph.png in Resources */ = {isa = PBXBuildFile; fileRef = 2104DDAB29D1E28700BD25D8 /* VanillaEnv-Sim-1-graph.png */; };
		2104DDAE29D1E2AB00BD25D8 /* VanillaEnv-Sim-1-summary.png in Resources */ = {isa = PBXBuildFile; fileRef = 2104DDAD29D1E2AB00BD25D8 /* VanillaEnv-Sim-1-summary.png */; };
		2104DDB029D1E2BA00BD25D8 /* VanillaEnv-Sim-2-graph.png in Resources */ = {isa = PBXBuildFile; fileRef = 2104DDAF29D1E2BA00BD25D8 /* VanillaEnv-Sim-2-graph.png */; };
		2104DDB229D1E2C900BD25D8 /* VanillaEnv-Sim-2-summary.png in Resources */ = {isa = PBXBuildFile; fileRef = 2104DDB129D1E2C900BD25D8 /* VanillaEnv-Sim-2-summary.png */; };
		2104DDB429D1E2E500BD25D8 /* WrappedEnv-Sim-1-graph.png in Resources */ = {isa = PBXBuildFile; fileRef = 2104DDB329D1E2E500BD25D8 /* WrappedEnv-Sim-1-graph.png */; };
		2104DDB629D1E2F300BD25D8 /* WrappedEnv-Sim-1-summary.png in Resources */ = {isa = PBXBuildFile; fileRef = 2104DDB529D1E2F300BD25D8 /* WrappedEnv-Sim-1-summary.png */; };
		2104DDB829D1E30500BD25D8 /* WrappedEnv-Sim-2-graph.png in Resources */ = {isa = PBXBuildFile; fileRef = 2104DDB729D1E30500BD25D8 /* WrappedEnv-Sim-2-graph.png */; };
		2104DDBA29D1E31300BD25D8 /* WrappedEnv-Sim-2-summary.png in Resources */ = {isa = PBXBuildFile; fileRef = 2104DDB929D1E31300BD25D8 /* WrappedEnv-Sim-2-summary.png */; };
		2104DDBC29D1E32500BD25D8 /* VanillaEnv-Device-1-graph.png in Resources */ = {isa = PBXBuildFile; fileRef = 2104DDBB29D1E32500BD25D8 /* VanillaEnv-Device-1-graph.png */; };
		2104DDBE29D1E33700BD25D8 /* VanillaEnv-Device-1-summary.png in Resources */ = {isa = PBXBuildFile; fileRef = 2104DDBD29D1E33700BD25D8 /* VanillaEnv-Device-1-summary.png */; };
		2104DDC029D1E34E00BD25D8 /* WrappedEnv-Device-1-graph.png in Resources */ = {isa = PBXBuildFile; fileRef = 2104DDBF29D1E34E00BD25D8 /* WrappedEnv-Device-1-graph.png */; };
		2104DDC229D1E36600BD25D8 /* WrappedEnv-Device-1-summary.png in Resources */ = {isa = PBXBuildFile; fileRef = 2104DDC129D1E36600BD25D8 /* WrappedEnv-Device-1-summary.png */; };
		2104DDC429D1E3CE00BD25D8 /* README.md in Resources */ = {isa = PBXBuildFile; fileRef = 2104DDC329D1E3CE00BD25D8 /* README.md */; };
		2104DDC829D3B29B00BD25D8 /* MV-Device-1-graph.png in Resources */ = {isa = PBXBuildFile; fileRef = 2104DDC729D3B29B00BD25D8 /* MV-Device-1-graph.png */; };
		2104DDCA29D3B2A800BD25D8 /* MV-Device-1-summary.png in Resources */ = {isa = PBXBuildFile; fileRef = 2104DDC929D3B2A800BD25D8 /* MV-Device-1-summary.png */; };
		2104DDCC29D3B3FB00BD25D8 /* MVVM-Device-1-graph.png in Resources */ = {isa = PBXBuildFile; fileRef = 2104DDCB29D3B3FB00BD25D8 /* MVVM-Device-1-graph.png */; };
		2104DDCE29D3B41300BD25D8 /* MVVM-Device-1-summary.png in Resources */ = {isa = PBXBuildFile; fileRef = 2104DDCD29D3B41300BD25D8 /* MVVM-Device-1-summary.png */; };
		2104DDD029D3B43800BD25D8 /* MVSecondView.swift in Sources */ = {isa = PBXBuildFile; fileRef = 2104DDCF29D3B43800BD25D8 /* MVSecondView.swift */; };
		2104DDD229D3B43F00BD25D8 /* MVThirdView.swift in Sources */ = {isa = PBXBuildFile; fileRef = 2104DDD129D3B43F00BD25D8 /* MVThirdView.swift */; };
		2104DDD429D3B44800BD25D8 /* MVFourthView.swift in Sources */ = {isa = PBXBuildFile; fileRef = 2104DDD329D3B44800BD25D8 /* MVFourthView.swift */; };
		2104DDD629D3B44F00BD25D8 /* MVFifthView.swift in Sources */ = {isa = PBXBuildFile; fileRef = 2104DDD529D3B44F00BD25D8 /* MVFifthView.swift */; };
		2104DDD929D3B55F00BD25D8 /* ReduxViews.swift in Sources */ = {isa = PBXBuildFile; fileRef = 2104DDD829D3B55F00BD25D8 /* ReduxViews.swift */; };
		2104DDDB29D3B58C00BD25D8 /* ReduxState.swift in Sources */ = {isa = PBXBuildFile; fileRef = 2104DDDA29D3B58C00BD25D8 /* ReduxState.swift */; };
		2104DDDD29D3B59300BD25D8 /* ReduxStore.swift in Sources */ = {isa = PBXBuildFile; fileRef = 2104DDDC29D3B59300BD25D8 /* ReduxStore.swift */; };
		2104DDDF29D3B90D00BD25D8 /* Redux-Device-1-graph.png in Resources */ = {isa = PBXBuildFile; fileRef = 2104DDDE29D3B90D00BD25D8 /* Redux-Device-1-graph.png */; };
		2104DDE129D3B91C00BD25D8 /* Redux-Device-1-summary.png in Resources */ = {isa = PBXBuildFile; fileRef = 2104DDE029D3B91C00BD25D8 /* Redux-Device-1-summary.png */; };
		8207986729D3A1F800ABE1D3 /* MVState.swift in Sources */ = {isa = PBXBuildFile; fileRef = 8207986629D3A1F800ABE1D3 /* MVState.swift */; };
		8207986929D3A2B500ABE1D3 /* MVFirstView.swift in Sources */ = {isa = PBXBuildFile; fileRef = 8207986829D3A2B500ABE1D3 /* MVFirstView.swift */; };
		82E1015129D371CC00C5CF92 /* MVVMFirstView.swift in Sources */ = {isa = PBXBuildFile; fileRef = 82E1015029D371CC00C5CF92 /* MVVMFirstView.swift */; };
		82E1015429D38AE200C5CF92 /* MVVMSecondView.swift in Sources */ = {isa = PBXBuildFile; fileRef = 82E1015329D38AE200C5CF92 /* MVVMSecondView.swift */; };
		82E1015629D38AE900C5CF92 /* MVVMThirdView.swift in Sources */ = {isa = PBXBuildFile; fileRef = 82E1015529D38AE900C5CF92 /* MVVMThirdView.swift */; };
		82E1015829D38AF000C5CF92 /* MVVMFourthView.swift in Sources */ = {isa = PBXBuildFile; fileRef = 82E1015729D38AF000C5CF92 /* MVVMFourthView.swift */; };
		82E1015A29D38AF800C5CF92 /* MVVMFifthView.swift in Sources */ = {isa = PBXBuildFile; fileRef = 82E1015929D38AF800C5CF92 /* MVVMFifthView.swift */; };
		82E1015E29D396B500C5CF92 /* tradeoffs.jpg in Resources */ = {isa = PBXBuildFile; fileRef = 82E1015D29D396B500C5CF92 /* tradeoffs.jpg */; };
/* End PBXBuildFile section */

/* Begin PBXFileReference section */
		2104DD7329CE5D9A00BD25D8 /* SwiftUIArchitecture.app */ = {isa = PBXFileReference; explicitFileType = wrapper.application; includeInIndex = 0; path = SwiftUIArchitecture.app; sourceTree = BUILT_PRODUCTS_DIR; };
		2104DD7629CE5D9A00BD25D8 /* SwiftUIArchitectureApp.swift */ = {isa = PBXFileReference; lastKnownFileType = sourcecode.swift; path = SwiftUIArchitectureApp.swift; sourceTree = "<group>"; };
		2104DD7A29CE5D9B00BD25D8 /* Assets.xcassets */ = {isa = PBXFileReference; lastKnownFileType = folder.assetcatalog; path = Assets.xcassets; sourceTree = "<group>"; };
		2104DD7D29CE5D9B00BD25D8 /* Preview Assets.xcassets */ = {isa = PBXFileReference; lastKnownFileType = folder.assetcatalog; path = "Preview Assets.xcassets"; sourceTree = "<group>"; };
		2104DD8429CE5DA100BD25D8 /* Env.swift */ = {isa = PBXFileReference; lastKnownFileType = sourcecode.swift; path = Env.swift; sourceTree = "<group>"; };
		2104DD8F29D0072700BD25D8 /* StateStruct.swift */ = {isa = PBXFileReference; lastKnownFileType = sourcecode.swift; path = StateStruct.swift; sourceTree = "<group>"; };
		2104DD9129D0BB3200BD25D8 /* StateObject.swift */ = {isa = PBXFileReference; lastKnownFileType = sourcecode.swift; path = StateObject.swift; sourceTree = "<group>"; };
		2104DD9A29D0BEB200BD25D8 /* ViewTwo.swift */ = {isa = PBXFileReference; lastKnownFileType = sourcecode.swift; path = ViewTwo.swift; sourceTree = "<group>"; };
		2104DD9C29D0BEB800BD25D8 /* ViewThree.swift */ = {isa = PBXFileReference; lastKnownFileType = sourcecode.swift; path = ViewThree.swift; sourceTree = "<group>"; };
		2104DD9E29D0BEBE00BD25D8 /* ViewFour.swift */ = {isa = PBXFileReference; lastKnownFileType = sourcecode.swift; path = ViewFour.swift; sourceTree = "<group>"; };
		2104DDA029D0BEC300BD25D8 /* ViewFive.swift */ = {isa = PBXFileReference; lastKnownFileType = sourcecode.swift; path = ViewFive.swift; sourceTree = "<group>"; };
		2104DDA229D0BECD00BD25D8 /* ViewOne.swift */ = {isa = PBXFileReference; lastKnownFileType = sourcecode.swift; path = ViewOne.swift; sourceTree = "<group>"; };
		2104DDA729D1039500BD25D8 /* WrappedEnvObject.swift */ = {isa = PBXFileReference; lastKnownFileType = sourcecode.swift; path = WrappedEnvObject.swift; sourceTree = "<group>"; };
		2104DDAB29D1E28700BD25D8 /* VanillaEnv-Sim-1-graph.png */ = {isa = PBXFileReference; lastKnownFileType = image.png; path = "VanillaEnv-Sim-1-graph.png"; sourceTree = "<group>"; };
		2104DDAD29D1E2AB00BD25D8 /* VanillaEnv-Sim-1-summary.png */ = {isa = PBXFileReference; lastKnownFileType = image.png; path = "VanillaEnv-Sim-1-summary.png"; sourceTree = "<group>"; };
		2104DDAF29D1E2BA00BD25D8 /* VanillaEnv-Sim-2-graph.png */ = {isa = PBXFileReference; lastKnownFileType = image.png; path = "VanillaEnv-Sim-2-graph.png"; sourceTree = "<group>"; };
		2104DDB129D1E2C900BD25D8 /* VanillaEnv-Sim-2-summary.png */ = {isa = PBXFileReference; lastKnownFileType = image.png; path = "VanillaEnv-Sim-2-summary.png"; sourceTree = "<group>"; };
		2104DDB329D1E2E500BD25D8 /* WrappedEnv-Sim-1-graph.png */ = {isa = PBXFileReference; lastKnownFileType = image.png; path = "WrappedEnv-Sim-1-graph.png"; sourceTree = "<group>"; };
		2104DDB529D1E2F300BD25D8 /* WrappedEnv-Sim-1-summary.png */ = {isa = PBXFileReference; lastKnownFileType = image.png; path = "WrappedEnv-Sim-1-summary.png"; sourceTree = "<group>"; };
		2104DDB729D1E30500BD25D8 /* WrappedEnv-Sim-2-graph.png */ = {isa = PBXFileReference; lastKnownFileType = image.png; path = "WrappedEnv-Sim-2-graph.png"; sourceTree = "<group>"; };
		2104DDB929D1E31300BD25D8 /* WrappedEnv-Sim-2-summary.png */ = {isa = PBXFileReference; lastKnownFileType = image.png; path = "WrappedEnv-Sim-2-summary.png"; sourceTree = "<group>"; };
		2104DDBB29D1E32500BD25D8 /* VanillaEnv-Device-1-graph.png */ = {isa = PBXFileReference; lastKnownFileType = image.png; path = "VanillaEnv-Device-1-graph.png"; sourceTree = "<group>"; };
		2104DDBD29D1E33700BD25D8 /* VanillaEnv-Device-1-summary.png */ = {isa = PBXFileReference; lastKnownFileType = image.png; path = "VanillaEnv-Device-1-summary.png"; sourceTree = "<group>"; };
		2104DDBF29D1E34E00BD25D8 /* WrappedEnv-Device-1-graph.png */ = {isa = PBXFileReference; lastKnownFileType = image.png; path = "WrappedEnv-Device-1-graph.png"; sourceTree = "<group>"; };
		2104DDC129D1E36600BD25D8 /* WrappedEnv-Device-1-summary.png */ = {isa = PBXFileReference; lastKnownFileType = image.png; path = "WrappedEnv-Device-1-summary.png"; sourceTree = "<group>"; };
		2104DDC329D1E3CE00BD25D8 /* README.md */ = {isa = PBXFileReference; lastKnownFileType = net.daringfireball.markdown; path = README.md; sourceTree = "<group>"; };
		2104DDC729D3B29B00BD25D8 /* MV-Device-1-graph.png */ = {isa = PBXFileReference; lastKnownFileType = image.png; path = "MV-Device-1-graph.png"; sourceTree = "<group>"; };
		2104DDC929D3B2A800BD25D8 /* MV-Device-1-summary.png */ = {isa = PBXFileReference; lastKnownFileType = image.png; path = "MV-Device-1-summary.png"; sourceTree = "<group>"; };
		2104DDCB29D3B3FB00BD25D8 /* MVVM-Device-1-graph.png */ = {isa = PBXFileReference; lastKnownFileType = image.png; path = "MVVM-Device-1-graph.png"; sourceTree = "<group>"; };
		2104DDCD29D3B41300BD25D8 /* MVVM-Device-1-summary.png */ = {isa = PBXFileReference; lastKnownFileType = image.png; path = "MVVM-Device-1-summary.png"; sourceTree = "<group>"; };
		2104DDCF29D3B43800BD25D8 /* MVSecondView.swift */ = {isa = PBXFileReference; lastKnownFileType = sourcecode.swift; path = MVSecondView.swift; sourceTree = "<group>"; };
		2104DDD129D3B43F00BD25D8 /* MVThirdView.swift */ = {isa = PBXFileReference; lastKnownFileType = sourcecode.swift; path = MVThirdView.swift; sourceTree = "<group>"; };
		2104DDD329D3B44800BD25D8 /* MVFourthView.swift */ = {isa = PBXFileReference; lastKnownFileType = sourcecode.swift; path = MVFourthView.swift; sourceTree = "<group>"; };
		2104DDD529D3B44F00BD25D8 /* MVFifthView.swift */ = {isa = PBXFileReference; lastKnownFileType = sourcecode.swift; path = MVFifthView.swift; sourceTree = "<group>"; };
		2104DDD829D3B55F00BD25D8 /* ReduxViews.swift */ = {isa = PBXFileReference; lastKnownFileType = sourcecode.swift; path = ReduxViews.swift; sourceTree = "<group>"; };
		2104DDDA29D3B58C00BD25D8 /* ReduxState.swift */ = {isa = PBXFileReference; lastKnownFileType = sourcecode.swift; path = ReduxState.swift; sourceTree = "<group>"; };
		2104DDDC29D3B59300BD25D8 /* ReduxStore.swift */ = {isa = PBXFileReference; lastKnownFileType = sourcecode.swift; path = ReduxStore.swift; sourceTree = "<group>"; };
		2104DDDE29D3B90D00BD25D8 /* Redux-Device-1-graph.png */ = {isa = PBXFileReference; lastKnownFileType = image.png; path = "Redux-Device-1-graph.png"; sourceTree = "<group>"; };
		2104DDE029D3B91C00BD25D8 /* Redux-Device-1-summary.png */ = {isa = PBXFileReference; lastKnownFileType = image.png; path = "Redux-Device-1-summary.png"; sourceTree = "<group>"; };
		8207986629D3A1F800ABE1D3 /* MVState.swift */ = {isa = PBXFileReference; lastKnownFileType = sourcecode.swift; path = MVState.swift; sourceTree = "<group>"; };
		8207986829D3A2B500ABE1D3 /* MVFirstView.swift */ = {isa = PBXFileReference; lastKnownFileType = sourcecode.swift; path = MVFirstView.swift; sourceTree = "<group>"; };
		82E1015029D371CC00C5CF92 /* MVVMFirstView.swift */ = {isa = PBXFileReference; lastKnownFileType = sourcecode.swift; path = MVVMFirstView.swift; sourceTree = "<group>"; };
		82E1015329D38AE200C5CF92 /* MVVMSecondView.swift */ = {isa = PBXFileReference; lastKnownFileType = sourcecode.swift; path = MVVMSecondView.swift; sourceTree = "<group>"; };
		82E1015529D38AE900C5CF92 /* MVVMThirdView.swift */ = {isa = PBXFileReference; lastKnownFileType = sourcecode.swift; path = MVVMThirdView.swift; sourceTree = "<group>"; };
		82E1015729D38AF000C5CF92 /* MVVMFourthView.swift */ = {isa = PBXFileReference; lastKnownFileType = sourcecode.swift; path = MVVMFourthView.swift; sourceTree = "<group>"; };
		82E1015929D38AF800C5CF92 /* MVVMFifthView.swift */ = {isa = PBXFileReference; lastKnownFileType = sourcecode.swift; path = MVVMFifthView.swift; sourceTree = "<group>"; };
		82E1015D29D396B500C5CF92 /* tradeoffs.jpg */ = {isa = PBXFileReference; lastKnownFileType = image.jpeg; path = tradeoffs.jpg; sourceTree = "<group>"; };
/* End PBXFileReference section */

/* Begin PBXFrameworksBuildPhase section */
		2104DD7029CE5D9A00BD25D8 /* Frameworks */ = {
			isa = PBXFrameworksBuildPhase;
			buildActionMask = 2147483647;
			files = (
			);
			runOnlyForDeploymentPostprocessing = 0;
		};
/* End PBXFrameworksBuildPhase section */

/* Begin PBXGroup section */
		2104DD6A29CE5D9A00BD25D8 = {
			isa = PBXGroup;
			children = (
				2104DDC329D1E3CE00BD25D8 /* README.md */,
				2104DD7529CE5D9A00BD25D8 /* SwiftUIArchitecture */,
				2104DD7429CE5D9A00BD25D8 /* Products */,
			);
			sourceTree = "<group>";
		};
		2104DD7429CE5D9A00BD25D8 /* Products */ = {
			isa = PBXGroup;
			children = (
				2104DD7329CE5D9A00BD25D8 /* SwiftUIArchitecture.app */,
			);
			name = Products;
			sourceTree = "<group>";
		};
		2104DD7529CE5D9A00BD25D8 /* SwiftUIArchitecture */ = {
			isa = PBXGroup;
			children = (
				2104DD8429CE5DA100BD25D8 /* Env.swift */,
				2104DD7629CE5D9A00BD25D8 /* SwiftUIArchitectureApp.swift */,
				8207986529D3A18100ABE1D3 /* Data */,
				2104DDD729D3B54100BD25D8 /* Redux */,
				82E1015229D3785600C5CF92 /* MV */,
				82E1014F29D371A500C5CF92 /* MVVM */,
				2104DDA929D1DF8200BD25D8 /* WrappedEnvObject */,
				2104DDA629D0FCFA00BD25D8 /* VanillaEnvObject */,
				82E1015F29D396BB00C5CF92 /* Assets */,
				2104DD7C29CE5D9B00BD25D8 /* Preview Content */,
			);
			path = SwiftUIArchitecture;
			sourceTree = "<group>";
		};
		2104DD7C29CE5D9B00BD25D8 /* Preview Content */ = {
			isa = PBXGroup;
			children = (
				2104DD7D29CE5D9B00BD25D8 /* Preview Assets.xcassets */,
			);
			path = "Preview Content";
			sourceTree = "<group>";
		};
		2104DD8D29D006FC00BD25D8 /* GlobalStateObject */ = {
			isa = PBXGroup;
			children = (
				2104DD9129D0BB3200BD25D8 /* StateObject.swift */,
			);
			path = GlobalStateObject;
			sourceTree = "<group>";
		};
		2104DD8E29D0070E00BD25D8 /* GlobalStateStruct */ = {
			isa = PBXGroup;
			children = (
				2104DD8F29D0072700BD25D8 /* StateStruct.swift */,
			);
			path = GlobalStateStruct;
			sourceTree = "<group>";
		};
		2104DDA629D0FCFA00BD25D8 /* VanillaEnvObject */ = {
			isa = PBXGroup;
			children = (
				2104DDA229D0BECD00BD25D8 /* ViewOne.swift */,
				2104DD9A29D0BEB200BD25D8 /* ViewTwo.swift */,
				2104DD9C29D0BEB800BD25D8 /* ViewThree.swift */,
				2104DD9E29D0BEBE00BD25D8 /* ViewFour.swift */,
				2104DDA029D0BEC300BD25D8 /* ViewFive.swift */,
			);
			path = VanillaEnvObject;
			sourceTree = "<group>";
		};
		2104DDA929D1DF8200BD25D8 /* WrappedEnvObject */ = {
			isa = PBXGroup;
			children = (
				2104DDA729D1039500BD25D8 /* WrappedEnvObject.swift */,
			);
			path = WrappedEnvObject;
			sourceTree = "<group>";
		};
		2104DDAA29D1E26200BD25D8 /* Profiling */ = {
			isa = PBXGroup;
			children = (
				2104DDAB29D1E28700BD25D8 /* VanillaEnv-Sim-1-graph.png */,
				2104DDAD29D1E2AB00BD25D8 /* VanillaEnv-Sim-1-summary.png */,
				2104DDAF29D1E2BA00BD25D8 /* VanillaEnv-Sim-2-graph.png */,
				2104DDB129D1E2C900BD25D8 /* VanillaEnv-Sim-2-summary.png */,
				2104DDB329D1E2E500BD25D8 /* WrappedEnv-Sim-1-graph.png */,
				2104DDB529D1E2F300BD25D8 /* WrappedEnv-Sim-1-summary.png */,
				2104DDB729D1E30500BD25D8 /* WrappedEnv-Sim-2-graph.png */,
				2104DDB929D1E31300BD25D8 /* WrappedEnv-Sim-2-summary.png */,
				2104DDBB29D1E32500BD25D8 /* VanillaEnv-Device-1-graph.png */,
				2104DDBD29D1E33700BD25D8 /* VanillaEnv-Device-1-summary.png */,
				2104DDBF29D1E34E00BD25D8 /* WrappedEnv-Device-1-graph.png */,
				2104DDC129D1E36600BD25D8 /* WrappedEnv-Device-1-summary.png */,
				2104DDC729D3B29B00BD25D8 /* MV-Device-1-graph.png */,
				2104DDC929D3B2A800BD25D8 /* MV-Device-1-summary.png */,
				2104DDCB29D3B3FB00BD25D8 /* MVVM-Device-1-graph.png */,
				2104DDCD29D3B41300BD25D8 /* MVVM-Device-1-summary.png */,
				2104DDDE29D3B90D00BD25D8 /* Redux-Device-1-graph.png */,
				2104DDE029D3B91C00BD25D8 /* Redux-Device-1-summary.png */,
			);
			path = Profiling;
			sourceTree = "<group>";
		};
		2104DDD729D3B54100BD25D8 /* Redux */ = {
			isa = PBXGroup;
			children = (
				2104DDDA29D3B58C00BD25D8 /* ReduxState.swift */,
				2104DDDC29D3B59300BD25D8 /* ReduxStore.swift */,
				2104DDD829D3B55F00BD25D8 /* ReduxViews.swift */,
			);
			path = Redux;
			sourceTree = "<group>";
		};
		8207986529D3A18100ABE1D3 /* Data */ = {
			isa = PBXGroup;
			children = (
				2104DD8E29D0070E00BD25D8 /* GlobalStateStruct */,
				2104DD8D29D006FC00BD25D8 /* GlobalStateObject */,
			);
			path = Data;
			sourceTree = "<group>";
		};
		82E1014F29D371A500C5CF92 /* MVVM */ = {
			isa = PBXGroup;
			children = (
				82E1015029D371CC00C5CF92 /* MVVMFirstView.swift */,
				82E1015329D38AE200C5CF92 /* MVVMSecondView.swift */,
				82E1015529D38AE900C5CF92 /* MVVMThirdView.swift */,
				82E1015729D38AF000C5CF92 /* MVVMFourthView.swift */,
				82E1015929D38AF800C5CF92 /* MVVMFifthView.swift */,
			);
			path = MVVM;
			sourceTree = "<group>";
		};
		82E1015229D3785600C5CF92 /* MV */ = {
			isa = PBXGroup;
			children = (
				8207986629D3A1F800ABE1D3 /* MVState.swift */,
				8207986829D3A2B500ABE1D3 /* MVFirstView.swift */,
				2104DDCF29D3B43800BD25D8 /* MVSecondView.swift */,
				2104DDD129D3B43F00BD25D8 /* MVThirdView.swift */,
				2104DDD329D3B44800BD25D8 /* MVFourthView.swift */,
				2104DDD529D3B44F00BD25D8 /* MVFifthView.swift */,
			);
			path = MV;
			sourceTree = "<group>";
		};
		82E1015F29D396BB00C5CF92 /* Assets */ = {
			isa = PBXGroup;
			children = (
				2104DDAA29D1E26200BD25D8 /* Profiling */,
				82E1015D29D396B500C5CF92 /* tradeoffs.jpg */,
				2104DD7A29CE5D9B00BD25D8 /* Assets.xcassets */,
			);
			path = Assets;
			sourceTree = "<group>";
		};
/* End PBXGroup section */

/* Begin PBXNativeTarget section */
		2104DD7229CE5D9A00BD25D8 /* SwiftUIArchitecture */ = {
			isa = PBXNativeTarget;
			buildConfigurationList = 2104DD8129CE5D9B00BD25D8 /* Build configuration list for PBXNativeTarget "SwiftUIArchitecture" */;
			buildPhases = (
				2104DD6F29CE5D9A00BD25D8 /* Sources */,
				2104DD7029CE5D9A00BD25D8 /* Frameworks */,
				2104DD7129CE5D9A00BD25D8 /* Resources */,
			);
			buildRules = (
			);
			dependencies = (
			);
			name = SwiftUIArchitecture;
			productName = SwiftUIArchitecture;
			productReference = 2104DD7329CE5D9A00BD25D8 /* SwiftUIArchitecture.app */;
			productType = "com.apple.product-type.application";
		};
/* End PBXNativeTarget section */

/* Begin PBXProject section */
		2104DD6B29CE5D9A00BD25D8 /* Project object */ = {
			isa = PBXProject;
			attributes = {
				BuildIndependentTargetsInParallel = 1;
				LastSwiftUpdateCheck = 1410;
				LastUpgradeCheck = 1410;
				TargetAttributes = {
					2104DD7229CE5D9A00BD25D8 = {
						CreatedOnToolsVersion = 14.1;
					};
				};
			};
			buildConfigurationList = 2104DD6E29CE5D9A00BD25D8 /* Build configuration list for PBXProject "SwiftUIArchitecture" */;
			compatibilityVersion = "Xcode 14.0";
			developmentRegion = en;
			hasScannedForEncodings = 0;
			knownRegions = (
				en,
				Base,
			);
			mainGroup = 2104DD6A29CE5D9A00BD25D8;
			productRefGroup = 2104DD7429CE5D9A00BD25D8 /* Products */;
			projectDirPath = "";
			projectRoot = "";
			targets = (
				2104DD7229CE5D9A00BD25D8 /* SwiftUIArchitecture */,
			);
		};
/* End PBXProject section */

/* Begin PBXResourcesBuildPhase section */
		2104DD7129CE5D9A00BD25D8 /* Resources */ = {
			isa = PBXResourcesBuildPhase;
			buildActionMask = 2147483647;
			files = (
				82E1015E29D396B500C5CF92 /* tradeoffs.jpg in Resources */,
				2104DDC829D3B29B00BD25D8 /* MV-Device-1-graph.png in Resources */,
				2104DDC229D1E36600BD25D8 /* WrappedEnv-Device-1-summary.png in Resources */,
				2104DDB029D1E2BA00BD25D8 /* VanillaEnv-Sim-2-graph.png in Resources */,
				2104DDCA29D3B2A800BD25D8 /* MV-Device-1-summary.png in Resources */,
				2104DDAE29D1E2AB00BD25D8 /* VanillaEnv-Sim-1-summary.png in Resources */,
				2104DDBA29D1E31300BD25D8 /* WrappedEnv-Sim-2-summary.png in Resources */,
				2104DDAC29D1E28700BD25D8 /* VanillaEnv-Sim-1-graph.png in Resources */,
				2104DDBE29D1E33700BD25D8 /* VanillaEnv-Device-1-summary.png in Resources */,
				2104DDB629D1E2F300BD25D8 /* WrappedEnv-Sim-1-summary.png in Resources */,
				2104DDB429D1E2E500BD25D8 /* WrappedEnv-Sim-1-graph.png in Resources */,
				2104DD7E29CE5D9B00BD25D8 /* Preview Assets.xcassets in Resources */,
				2104DDB829D1E30500BD25D8 /* WrappedEnv-Sim-2-graph.png in Resources */,
				2104DDDF29D3B90D00BD25D8 /* Redux-Device-1-graph.png in Resources */,
				2104DDCC29D3B3FB00BD25D8 /* MVVM-Device-1-graph.png in Resources */,
				2104DDCE29D3B41300BD25D8 /* MVVM-Device-1-summary.png in Resources */,
				2104DDC029D1E34E00BD25D8 /* WrappedEnv-Device-1-graph.png in Resources */,
				2104DDBC29D1E32500BD25D8 /* VanillaEnv-Device-1-graph.png in Resources */,
				2104DDC429D1E3CE00BD25D8 /* README.md in Resources */,
				2104DDB229D1E2C900BD25D8 /* VanillaEnv-Sim-2-summary.png in Resources */,
				2104DD7B29CE5D9B00BD25D8 /* Assets.xcassets in Resources */,
				2104DDE129D3B91C00BD25D8 /* Redux-Device-1-summary.png in Resources */,
			);
			runOnlyForDeploymentPostprocessing = 0;
		};
/* End PBXResourcesBuildPhase section */

/* Begin PBXSourcesBuildPhase section */
		2104DD6F29CE5D9A00BD25D8 /* Sources */ = {
			isa = PBXSourcesBuildPhase;
			buildActionMask = 2147483647;
			files = (
				2104DDA829D1039500BD25D8 /* WrappedEnvObject.swift in Sources */,
				2104DD9229D0BB3200BD25D8 /* StateObject.swift in Sources */,
				82E1015629D38AE900C5CF92 /* MVVMThirdView.swift in Sources */,
				2104DD9B29D0BEB200BD25D8 /* ViewTwo.swift in Sources */,
				8207986929D3A2B500ABE1D3 /* MVFirstView.swift in Sources */,
				2104DD9D29D0BEB800BD25D8 /* ViewThree.swift in Sources */,
				2104DDD229D3B43F00BD25D8 /* MVThirdView.swift in Sources */,
				2104DDD429D3B44800BD25D8 /* MVFourthView.swift in Sources */,
				2104DDDD29D3B59300BD25D8 /* ReduxStore.swift in Sources */,
				2104DDDB29D3B58C00BD25D8 /* ReduxState.swift in Sources */,
				82E1015A29D38AF800C5CF92 /* MVVMFifthView.swift in Sources */,
				2104DD9F29D0BEBE00BD25D8 /* ViewFour.swift in Sources */,
				2104DDD929D3B55F00BD25D8 /* ReduxViews.swift in Sources */,
				82E1015829D38AF000C5CF92 /* MVVMFourthView.swift in Sources */,
				2104DDA329D0BECD00BD25D8 /* ViewOne.swift in Sources */,
				82E1015129D371CC00C5CF92 /* MVVMFirstView.swift in Sources */,
				2104DDD029D3B43800BD25D8 /* MVSecondView.swift in Sources */,
				82E1015429D38AE200C5CF92 /* MVVMSecondView.swift in Sources */,
				2104DD8529CE5DA100BD25D8 /* Env.swift in Sources */,
				2104DDA129D0BEC300BD25D8 /* ViewFive.swift in Sources */,
				2104DD7729CE5D9A00BD25D8 /* SwiftUIArchitectureApp.swift in Sources */,
				2104DD9029D0072700BD25D8 /* StateStruct.swift in Sources */,
				2104DDD629D3B44F00BD25D8 /* MVFifthView.swift in Sources */,
				8207986729D3A1F800ABE1D3 /* MVState.swift in Sources */,
			);
			runOnlyForDeploymentPostprocessing = 0;
		};
/* End PBXSourcesBuildPhase section */

/* Begin XCBuildConfiguration section */
		2104DD7F29CE5D9B00BD25D8 /* Debug */ = {
			isa = XCBuildConfiguration;
			buildSettings = {
				ALWAYS_SEARCH_USER_PATHS = NO;
				CLANG_ANALYZER_NONNULL = YES;
				CLANG_ANALYZER_NUMBER_OBJECT_CONVERSION = YES_AGGRESSIVE;
				CLANG_CXX_LANGUAGE_STANDARD = "gnu++20";
				CLANG_ENABLE_MODULES = YES;
				CLANG_ENABLE_OBJC_ARC = YES;
				CLANG_ENABLE_OBJC_WEAK = YES;
				CLANG_WARN_BLOCK_CAPTURE_AUTORELEASING = YES;
				CLANG_WARN_BOOL_CONVERSION = YES;
				CLANG_WARN_COMMA = YES;
				CLANG_WARN_CONSTANT_CONVERSION = YES;
				CLANG_WARN_DEPRECATED_OBJC_IMPLEMENTATIONS = YES;
				CLANG_WARN_DIRECT_OBJC_ISA_USAGE = YES_ERROR;
				CLANG_WARN_DOCUMENTATION_COMMENTS = YES;
				CLANG_WARN_EMPTY_BODY = YES;
				CLANG_WARN_ENUM_CONVERSION = YES;
				CLANG_WARN_INFINITE_RECURSION = YES;
				CLANG_WARN_INT_CONVERSION = YES;
				CLANG_WARN_NON_LITERAL_NULL_CONVERSION = YES;
				CLANG_WARN_OBJC_IMPLICIT_RETAIN_SELF = YES;
				CLANG_WARN_OBJC_LITERAL_CONVERSION = YES;
				CLANG_WARN_OBJC_ROOT_CLASS = YES_ERROR;
				CLANG_WARN_QUOTED_INCLUDE_IN_FRAMEWORK_HEADER = YES;
				CLANG_WARN_RANGE_LOOP_ANALYSIS = YES;
				CLANG_WARN_STRICT_PROTOTYPES = YES;
				CLANG_WARN_SUSPICIOUS_MOVE = YES;
				CLANG_WARN_UNGUARDED_AVAILABILITY = YES_AGGRESSIVE;
				CLANG_WARN_UNREACHABLE_CODE = YES;
				CLANG_WARN__DUPLICATE_METHOD_MATCH = YES;
				COPY_PHASE_STRIP = NO;
				DEBUG_INFORMATION_FORMAT = dwarf;
				ENABLE_STRICT_OBJC_MSGSEND = YES;
				ENABLE_TESTABILITY = YES;
				GCC_C_LANGUAGE_STANDARD = gnu11;
				GCC_DYNAMIC_NO_PIC = NO;
				GCC_NO_COMMON_BLOCKS = YES;
				GCC_OPTIMIZATION_LEVEL = 0;
				GCC_PREPROCESSOR_DEFINITIONS = (
					"DEBUG=1",
					"$(inherited)",
				);
				GCC_WARN_64_TO_32_BIT_CONVERSION = YES;
				GCC_WARN_ABOUT_RETURN_TYPE = YES_ERROR;
				GCC_WARN_UNDECLARED_SELECTOR = YES;
				GCC_WARN_UNINITIALIZED_AUTOS = YES_AGGRESSIVE;
				GCC_WARN_UNUSED_FUNCTION = YES;
				GCC_WARN_UNUSED_VARIABLE = YES;
				IPHONEOS_DEPLOYMENT_TARGET = 16.1;
				MTL_ENABLE_DEBUG_INFO = INCLUDE_SOURCE;
				MTL_FAST_MATH = YES;
				ONLY_ACTIVE_ARCH = YES;
				SDKROOT = iphoneos;
				SWIFT_ACTIVE_COMPILATION_CONDITIONS = DEBUG;
				SWIFT_OPTIMIZATION_LEVEL = "-Onone";
			};
			name = Debug;
		};
		2104DD8029CE5D9B00BD25D8 /* Release */ = {
			isa = XCBuildConfiguration;
			buildSettings = {
				ALWAYS_SEARCH_USER_PATHS = NO;
				CLANG_ANALYZER_NONNULL = YES;
				CLANG_ANALYZER_NUMBER_OBJECT_CONVERSION = YES_AGGRESSIVE;
				CLANG_CXX_LANGUAGE_STANDARD = "gnu++20";
				CLANG_ENABLE_MODULES = YES;
				CLANG_ENABLE_OBJC_ARC = YES;
				CLANG_ENABLE_OBJC_WEAK = YES;
				CLANG_WARN_BLOCK_CAPTURE_AUTORELEASING = YES;
				CLANG_WARN_BOOL_CONVERSION = YES;
				CLANG_WARN_COMMA = YES;
				CLANG_WARN_CONSTANT_CONVERSION = YES;
				CLANG_WARN_DEPRECATED_OBJC_IMPLEMENTATIONS = YES;
				CLANG_WARN_DIRECT_OBJC_ISA_USAGE = YES_ERROR;
				CLANG_WARN_DOCUMENTATION_COMMENTS = YES;
				CLANG_WARN_EMPTY_BODY = YES;
				CLANG_WARN_ENUM_CONVERSION = YES;
				CLANG_WARN_INFINITE_RECURSION = YES;
				CLANG_WARN_INT_CONVERSION = YES;
				CLANG_WARN_NON_LITERAL_NULL_CONVERSION = YES;
				CLANG_WARN_OBJC_IMPLICIT_RETAIN_SELF = YES;
				CLANG_WARN_OBJC_LITERAL_CONVERSION = YES;
				CLANG_WARN_OBJC_ROOT_CLASS = YES_ERROR;
				CLANG_WARN_QUOTED_INCLUDE_IN_FRAMEWORK_HEADER = YES;
				CLANG_WARN_RANGE_LOOP_ANALYSIS = YES;
				CLANG_WARN_STRICT_PROTOTYPES = YES;
				CLANG_WARN_SUSPICIOUS_MOVE = YES;
				CLANG_WARN_UNGUARDED_AVAILABILITY = YES_AGGRESSIVE;
				CLANG_WARN_UNREACHABLE_CODE = YES;
				CLANG_WARN__DUPLICATE_METHOD_MATCH = YES;
				COPY_PHASE_STRIP = NO;
				DEBUG_INFORMATION_FORMAT = "dwarf-with-dsym";
				ENABLE_NS_ASSERTIONS = NO;
				ENABLE_STRICT_OBJC_MSGSEND = YES;
				GCC_C_LANGUAGE_STANDARD = gnu11;
				GCC_NO_COMMON_BLOCKS = YES;
				GCC_WARN_64_TO_32_BIT_CONVERSION = YES;
				GCC_WARN_ABOUT_RETURN_TYPE = YES_ERROR;
				GCC_WARN_UNDECLARED_SELECTOR = YES;
				GCC_WARN_UNINITIALIZED_AUTOS = YES_AGGRESSIVE;
				GCC_WARN_UNUSED_FUNCTION = YES;
				GCC_WARN_UNUSED_VARIABLE = YES;
				IPHONEOS_DEPLOYMENT_TARGET = 16.1;
				MTL_ENABLE_DEBUG_INFO = NO;
				MTL_FAST_MATH = YES;
				SDKROOT = iphoneos;
				SWIFT_COMPILATION_MODE = wholemodule;
				SWIFT_OPTIMIZATION_LEVEL = "-O";
				VALIDATE_PRODUCT = YES;
			};
			name = Release;
		};
		2104DD8229CE5D9B00BD25D8 /* Debug */ = {
			isa = XCBuildConfiguration;
			buildSettings = {
				ASSETCATALOG_COMPILER_APPICON_NAME = AppIcon;
				ASSETCATALOG_COMPILER_GLOBAL_ACCENT_COLOR_NAME = AccentColor;
				CODE_SIGN_STYLE = Automatic;
				CURRENT_PROJECT_VERSION = 1;
				DEVELOPMENT_ASSET_PATHS = "\"SwiftUIArchitecture/Preview Content\"";
				DEVELOPMENT_TEAM = 25NQ367WU2;
				ENABLE_PREVIEWS = YES;
				GENERATE_INFOPLIST_FILE = YES;
				INFOPLIST_KEY_UIApplicationSceneManifest_Generation = YES;
				INFOPLIST_KEY_UIApplicationSupportsIndirectInputEvents = YES;
				INFOPLIST_KEY_UILaunchScreen_Generation = YES;
				INFOPLIST_KEY_UISupportedInterfaceOrientations_iPad = "UIInterfaceOrientationPortrait UIInterfaceOrientationPortraitUpsideDown UIInterfaceOrientationLandscapeLeft UIInterfaceOrientationLandscapeRight";
				INFOPLIST_KEY_UISupportedInterfaceOrientations_iPhone = "UIInterfaceOrientationPortrait UIInterfaceOrientationLandscapeLeft UIInterfaceOrientationLandscapeRight";
				LD_RUNPATH_SEARCH_PATHS = (
					"$(inherited)",
					"@executable_path/Frameworks",
				);
				MARKETING_VERSION = 1.0;
				PRODUCT_BUNDLE_IDENTIFIER = com.ajbartocci.SwiftUIArchitecture2;
				PRODUCT_NAME = "$(TARGET_NAME)";
				SWIFT_EMIT_LOC_STRINGS = YES;
				SWIFT_VERSION = 5.0;
				TARGETED_DEVICE_FAMILY = "1,2";
			};
			name = Debug;
		};
		2104DD8329CE5D9B00BD25D8 /* Release */ = {
			isa = XCBuildConfiguration;
			buildSettings = {
				ASSETCATALOG_COMPILER_APPICON_NAME = AppIcon;
				ASSETCATALOG_COMPILER_GLOBAL_ACCENT_COLOR_NAME = AccentColor;
				CODE_SIGN_STYLE = Automatic;
				CURRENT_PROJECT_VERSION = 1;
				DEVELOPMENT_ASSET_PATHS = "\"SwiftUIArchitecture/Preview Content\"";
				DEVELOPMENT_TEAM = 25NQ367WU2;
				ENABLE_PREVIEWS = YES;
				GENERATE_INFOPLIST_FILE = YES;
				INFOPLIST_KEY_UIApplicationSceneManifest_Generation = YES;
				INFOPLIST_KEY_UIApplicationSupportsIndirectInputEvents = YES;
				INFOPLIST_KEY_UILaunchScreen_Generation = YES;
				INFOPLIST_KEY_UISupportedInterfaceOrientations_iPad = "UIInterfaceOrientationPortrait UIInterfaceOrientationPortraitUpsideDown UIInterfaceOrientationLandscapeLeft UIInterfaceOrientationLandscapeRight";
				INFOPLIST_KEY_UISupportedInterfaceOrientations_iPhone = "UIInterfaceOrientationPortrait UIInterfaceOrientationLandscapeLeft UIInterfaceOrientationLandscapeRight";
				LD_RUNPATH_SEARCH_PATHS = (
					"$(inherited)",
					"@executable_path/Frameworks",
				);
				MARKETING_VERSION = 1.0;
				PRODUCT_BUNDLE_IDENTIFIER = com.ajbartocci.SwiftUIArchitecture2;
				PRODUCT_NAME = "$(TARGET_NAME)";
				SWIFT_EMIT_LOC_STRINGS = YES;
				SWIFT_VERSION = 5.0;
				TARGETED_DEVICE_FAMILY = "1,2";
			};
			name = Release;
		};
/* End XCBuildConfiguration section */

/* Begin XCConfigurationList section */
		2104DD6E29CE5D9A00BD25D8 /* Build configuration list for PBXProject "SwiftUIArchitecture" */ = {
			isa = XCConfigurationList;
			buildConfigurations = (
				2104DD7F29CE5D9B00BD25D8 /* Debug */,
				2104DD8029CE5D9B00BD25D8 /* Release */,
			);
			defaultConfigurationIsVisible = 0;
			defaultConfigurationName = Release;
		};
		2104DD8129CE5D9B00BD25D8 /* Build configuration list for PBXNativeTarget "SwiftUIArchitecture" */ = {
			isa = XCConfigurationList;
			buildConfigurations = (
				2104DD8229CE5D9B00BD25D8 /* Debug */,
				2104DD8329CE5D9B00BD25D8 /* Release */,
			);
			defaultConfigurationIsVisible = 0;
			defaultConfigurationName = Release;
		};
/* End XCConfigurationList section */
	};
	rootObject = 2104DD6B29CE5D9A00BD25D8 /* Project object */;
}
